{
  "name": "@thzero/library_server",
  "version": "0.17.5",
  "lockfileVersion": 2,
  "requires": true,
  "packages": {
    "": {
      "name": "@thzero/library_server",
      "version": "0.17.5",
      "license": "MIT",
      "dependencies": {
        "@godaddy/terminus": "^4.11.2"
      },
      "engines": {
        "node": ">=12.8.3"
      },
      "peerDependencies": {
        "@thzero/library_common": "^0.17",
        "@thzero/library_common_service": "^0.17",
        "@thzero/library_server": "^0.17"
      }
    },
    "node_modules/@godaddy/terminus": {
      "version": "4.11.2",
      "resolved": "https://registry.npmjs.org/@godaddy/terminus/-/terminus-4.11.2.tgz",
      "integrity": "sha512-e/kbOWpGKME42eltM/wXM3RxSUOrfureZxEd6Dt6NXyFoJ7E8lnmm7znXydJsL3B7ky4HRFZI+eHrep54NZbeQ==",
      "dependencies": {
        "stoppable": "^1.1.0"
      }
    },
    "node_modules/@thzero/library_common": {
      "version": "0.17.3",
      "resolved": "https://registry.npmjs.org/@thzero/library_common/-/library_common-0.17.3.tgz",
      "integrity": "sha512-FYgxG5SnDNaciojTV8rbo3D8AvRtH7tDyxmD7v9HOQ+yg6dfL8OArCDw90FwBzEp1e71VlPXYZ417OpU9ZTAAg==",
      "peer": true,
      "dependencies": {
        "dayjs": "^1.11.7",
        "dayjs-plugin-utc": "^0.1.2",
        "lodash-es": "^4.17.21",
        "uuid": "^9.0.0"
      }
    },
    "node_modules/@thzero/library_common_service": {
      "version": "0.17.1",
      "resolved": "https://registry.npmjs.org/@thzero/library_common_service/-/library_common_service-0.17.1.tgz",
      "integrity": "sha512-T0ca3Ub+xWjwTQxwnmI/cVz2nHros2I9UsUySy8SjOwg6YDY2p2SbG9jfO7uIuIn+krQ9eQu4ADz9UO3iKw22A==",
      "peer": true,
      "peerDependencies": {
        "@thzero/library_common": "^0.17"
      }
    },
    "node_modules/@thzero/library_server": {
      "version": "0.17.5",
      "resolved": "https://registry.npmjs.org/@thzero/library_server/-/library_server-0.17.5.tgz",
      "integrity": "sha512-kMH8aL/+P/y4i0XhW4PJ2fdFQ4LFw3cZNRttRZgUDgDjURQvrc3dmzUONZKW3ST9UXfEtkO/Rv3/OdcotDuYgQ==",
      "peer": true,
      "dependencies": {
        "@godaddy/terminus": "^4.11.2"
      },
      "engines": {
        "node": ">=12.8.3"
      },
      "peerDependencies": {
        "@thzero/library_common": "^0.17",
        "@thzero/library_common_service": "^0.17",
        "@thzero/library_server": "^0.17"
      }
    },
    "node_modules/dayjs": {
      "version": "1.11.7",
      "resolved": "https://registry.npmjs.org/dayjs/-/dayjs-1.11.7.tgz",
      "integrity": "sha512-+Yw9U6YO5TQohxLcIkrXBeY73WP3ejHWVvx8XCk3gxvQDCTEmS48ZrSZCKciI7Bhl/uCMyxYtE9UqRILmFphkQ==",
      "peer": true
    },
    "node_modules/dayjs-plugin-utc": {
      "version": "0.1.2",
      "resolved": "https://registry.npmjs.org/dayjs-plugin-utc/-/dayjs-plugin-utc-0.1.2.tgz",
      "integrity": "sha512-ExERH5o3oo6jFOdkvMP3gytTCQ9Ksi5PtylclJWghr7k7m3o2U5QrwtdiJkOxLOH4ghr0EKhpqGefzGz1VvVJg==",
      "peer": true
    },
    "node_modules/lodash-es": {
      "version": "4.17.21",
      "resolved": "https://registry.npmjs.org/lodash-es/-/lodash-es-4.17.21.tgz",
      "integrity": "sha512-mKnC+QJ9pWVzv+C4/U3rRsHapFfHvQFoFB92e52xeyGMcX6/OlIl78je1u8vePzYZSkkogMPJ2yjxxsb89cxyw==",
      "peer": true
    },
    "node_modules/stoppable": {
      "version": "1.1.0",
      "resolved": "https://registry.npmjs.org/stoppable/-/stoppable-1.1.0.tgz",
      "integrity": "sha512-KXDYZ9dszj6bzvnEMRYvxgeTHU74QBFL54XKtP3nyMuJ81CFYtABZ3bAzL2EdFUaEwJOBOgENyFj3R7oTzDyyw==",
      "engines": {
        "node": ">=4",
        "npm": ">=6"
      }
    },
    "node_modules/uuid": {
      "version": "9.0.0",
      "resolved": "https://registry.npmjs.org/uuid/-/uuid-9.0.0.tgz",
      "integrity": "sha512-MXcSTerfPa4uqyzStbRoTgt5XIe3x5+42+q1sDuy3R5MDk66URdLMOZe5aPX/SQd+kuYAh0FdP/pO28IkQyTeg==",
      "peer": true,
      "bin": {
        "uuid": "dist/bin/uuid"
      }
    }
  },
  "dependencies": {
    "@godaddy/terminus": {
      "version": "4.11.2",
      "resolved": "https://registry.npmjs.org/@godaddy/terminus/-/terminus-4.11.2.tgz",
      "integrity": "sha512-e/kbOWpGKME42eltM/wXM3RxSUOrfureZxEd6Dt6NXyFoJ7E8lnmm7znXydJsL3B7ky4HRFZI+eHrep54NZbeQ==",
      "requires": {
        "stoppable": "^1.1.0"
      }
    },
    "@thzero/library_common": {
      "version": "0.17.3",
      "resolved": "https://registry.npmjs.org/@thzero/library_common/-/library_common-0.17.3.tgz",
      "integrity": "sha512-FYgxG5SnDNaciojTV8rbo3D8AvRtH7tDyxmD7v9HOQ+yg6dfL8OArCDw90FwBzEp1e71VlPXYZ417OpU9ZTAAg==",
      "peer": true,
      "requires": {
        "dayjs": "^1.11.7",
        "dayjs-plugin-utc": "^0.1.2",
        "lodash-es": "^4.17.21",
        "uuid": "^9.0.0"
      }
    },
    "@thzero/library_common_service": {
      "version": "0.17.1",
      "resolved": "https://registry.npmjs.org/@thzero/library_common_service/-/library_common_service-0.17.1.tgz",
      "integrity": "sha512-T0ca3Ub+xWjwTQxwnmI/cVz2nHros2I9UsUySy8SjOwg6YDY2p2SbG9jfO7uIuIn+krQ9eQu4ADz9UO3iKw22A==",
      "peer": true,
      "requires": {}
    },
    "@thzero/library_server": {
      "version": "0.17.5",
      "resolved": "https://registry.npmjs.org/@thzero/library_server/-/library_server-0.17.5.tgz",
      "integrity": "sha512-kMH8aL/+P/y4i0XhW4PJ2fdFQ4LFw3cZNRttRZgUDgDjURQvrc3dmzUONZKW3ST9UXfEtkO/Rv3/OdcotDuYgQ==",
      "peer": true,
      "requires": {
        "@godaddy/terminus": "^4.11.2"
      }
    },
    "dayjs": {
      "version": "1.11.7",
      "resolved": "https://registry.npmjs.org/dayjs/-/dayjs-1.11.7.tgz",
      "integrity": "sha512-+Yw9U6YO5TQohxLcIkrXBeY73WP3ejHWVvx8XCk3gxvQDCTEmS48ZrSZCKciI7Bhl/uCMyxYtE9UqRILmFphkQ==",
      "peer": true
    },
    "dayjs-plugin-utc": {
      "version": "0.1.2",
      "resolved": "https://registry.npmjs.org/dayjs-plugin-utc/-/dayjs-plugin-utc-0.1.2.tgz",
      "integrity": "sha512-ExERH5o3oo6jFOdkvMP3gytTCQ9Ksi5PtylclJWghr7k7m3o2U5QrwtdiJkOxLOH4ghr0EKhpqGefzGz1VvVJg==",
      "peer": true
    },
    "lodash-es": {
      "version": "4.17.21",
      "resolved": "https://registry.npmjs.org/lodash-es/-/lodash-es-4.17.21.tgz",
      "integrity": "sha512-mKnC+QJ9pWVzv+C4/U3rRsHapFfHvQFoFB92e52xeyGMcX6/OlIl78je1u8vePzYZSkkogMPJ2yjxxsb89cxyw==",
      "peer": true
    },
    "stoppable": {
      "version": "1.1.0",
      "resolved": "https://registry.npmjs.org/stoppable/-/stoppable-1.1.0.tgz",
      "integrity": "sha512-KXDYZ9dszj6bzvnEMRYvxgeTHU74QBFL54XKtP3nyMuJ81CFYtABZ3bAzL2EdFUaEwJOBOgENyFj3R7oTzDyyw=="
    },
    "uuid": {
      "version": "9.0.0",
      "resolved": "https://registry.npmjs.org/uuid/-/uuid-9.0.0.tgz",
      "integrity": "sha512-MXcSTerfPa4uqyzStbRoTgt5XIe3x5+42+q1sDuy3R5MDk66URdLMOZe5aPX/SQd+kuYAh0FdP/pO28IkQyTeg==",
      "peer": true
    }
  }
}
